
Microsoft Visual Studio Solution File, Format Version 12.00
# Visual Studio 15
VisualStudioVersion = 15.0.26124.0
MinimumVisualStudioVersion = 15.0.26124.0
Project("{FAE04EC0-301F-11D3-BF4B-00C04F79EFBC}") = "OneWay.Api", "Api\OneWay.Api.csproj", "{206E75ED-EBE5-4DC3-8E3F-9DE79A4DF99E}"
EndProject
Project("{FAE04EC0-301F-11D3-BF4B-00C04F79EFBC}") = "OneWay.Website", "Website\OneWay.Website.csproj", "{3FE091AE-FC15-435F-9C0A-EACFAE995A05}"
EndProject
Project("{FAE04EC0-301F-11D3-BF4B-00C04F79EFBC}") = "OneWay.Chatbot", "Chatbot\OneWay.Chatbot.csproj", "{B144601C-1D7E-46F5-96B8-AA1F5C81D5B2}"
EndProject
Global
	GlobalSection(SolutionConfigurationPlatforms) = preSolution
		Debug|Any CPU = Debug|Any CPU
		Debug|x64 = Debug|x64
		Debug|x86 = Debug|x86
		Release|Any CPU = Release|Any CPU
		Release|x64 = Release|x64
		Release|x86 = Release|x86
	EndGlobalSection
	GlobalSection(SolutionProperties) = preSolution
		HideSolutionNode = FALSE
	EndGlobalSection
	GlobalSection(ProjectConfigurationPlatforms) = postSolution
		{206E75ED-EBE5-4DC3-8E3F-9DE79A4DF99E}.Debug|Any CPU.ActiveCfg = Debug|Any CPU
		{206E75ED-EBE5-4DC3-8E3F-9DE79A4DF99E}.Debug|Any CPU.Build.0 = Debug|Any CPU
		{206E75ED-EBE5-4DC3-8E3F-9DE79A4DF99E}.Debug|x64.ActiveCfg = Debug|Any CPU
		{206E75ED-EBE5-4DC3-8E3F-9DE79A4DF99E}.Debug|x64.Build.0 = Debug|Any CPU
		{206E75ED-EBE5-4DC3-8E3F-9DE79A4DF99E}.Debug|x86.ActiveCfg = Debug|Any CPU
		{206E75ED-EBE5-4DC3-8E3F-9DE79A4DF99E}.Debug|x86.Build.0 = Debug|Any CPU
		{206E75ED-EBE5-4DC3-8E3F-9DE79A4DF99E}.Release|Any CPU.ActiveCfg = Release|Any CPU
		{206E75ED-EBE5-4DC3-8E3F-9DE79A4DF99E}.Release|Any CPU.Build.0 = Release|Any CPU
		{206E75ED-EBE5-4DC3-8E3F-9DE79A4DF99E}.Release|x64.ActiveCfg = Release|Any CPU
		{206E75ED-EBE5-4DC3-8E3F-9DE79A4DF99E}.Release|x64.Build.0 = Release|Any CPU
		{206E75ED-EBE5-4DC3-8E3F-9DE79A4DF99E}.Release|x86.ActiveCfg = Release|Any CPU
		{206E75ED-EBE5-4DC3-8E3F-9DE79A4DF99E}.Release|x86.Build.0 = Release|Any CPU
		{3FE091AE-FC15-435F-9C0A-EACFAE995A05}.Debug|Any CPU.ActiveCfg = Debug|Any CPU
		{3FE091AE-FC15-435F-9C0A-EACFAE995A05}.Debug|Any CPU.Build.0 = Debug|Any CPU
		{3FE091AE-FC15-435F-9C0A-EACFAE995A05}.Debug|x64.ActiveCfg = Debug|Any CPU
		{3FE091AE-FC15-435F-9C0A-EACFAE995A05}.Debug|x64.Build.0 = Debug|Any CPU
		{3FE091AE-FC15-435F-9C0A-EACFAE995A05}.Debug|x86.ActiveCfg = Debug|Any CPU
		{3FE091AE-FC15-435F-9C0A-EACFAE995A05}.Debug|x86.Build.0 = Debug|Any CPU
		{3FE091AE-FC15-435F-9C0A-EACFAE995A05}.Release|Any CPU.ActiveCfg = Release|Any CPU
		{3FE091AE-FC15-435F-9C0A-EACFAE995A05}.Release|Any CPU.Build.0 = Release|Any CPU
		{3FE091AE-FC15-435F-9C0A-EACFAE995A05}.Release|x64.ActiveCfg = Release|Any CPU
		{3FE091AE-FC15-435F-9C0A-EACFAE995A05}.Release|x64.Build.0 = Release|Any CPU
		{3FE091AE-FC15-435F-9C0A-EACFAE995A05}.Release|x86.ActiveCfg = Release|Any CPU
		{3FE091AE-FC15-435F-9C0A-EACFAE995A05}.Release|x86.Build.0 = Release|Any CPU
		{B144601C-1D7E-46F5-96B8-AA1F5C81D5B2}.Debug|Any CPU.ActiveCfg = Debug|Any CPU
		{B144601C-1D7E-46F5-96B8-AA1F5C81D5B2}.Debug|Any CPU.Build.0 = Debug|Any CPU
		{B144601C-1D7E-46F5-96B8-AA1F5C81D5B2}.Debug|x64.ActiveCfg = Debug|Any CPU
		{B144601C-1D7E-46F5-96B8-AA1F5C81D5B2}.Debug|x64.Build.0 = Debug|Any CPU
		{B144601C-1D7E-46F5-96B8-AA1F5C81D5B2}.Debug|x86.ActiveCfg = Debug|Any CPU
		{B144601C-1D7E-46F5-96B8-AA1F5C81D5B2}.Debug|x86.Build.0 = Debug|Any CPU
		{B144601C-1D7E-46F5-96B8-AA1F5C81D5B2}.Release|Any CPU.ActiveCfg = Release|Any CPU
		{B144601C-1D7E-46F5-96B8-AA1F5C81D5B2}.Release|Any CPU.Build.0 = Release|Any CPU
		{B144601C-1D7E-46F5-96B8-AA1F5C81D5B2}.Release|x64.ActiveCfg = Release|Any CPU
		{B144601C-1D7E-46F5-96B8-AA1F5C81D5B2}.Release|x64.Build.0 = Release|Any CPU
		{B144601C-1D7E-46F5-96B8-AA1F5C81D5B2}.Release|x86.ActiveCfg = Release|Any CPU
		{B144601C-1D7E-46F5-96B8-AA1F5C81D5B2}.Release|x86.Build.0 = Release|Any CPU
	EndGlobalSection
EndGlobal
